Microsoft Visual Studio Solution File, Format Version 11.00
# Visual Studio 2008

Project("{F7F23A75-FA8A-2C59-FFD1-B098546E9A0A}") = "FPS 0", "Assembly-CSharp-vs.csproj", "{43AB5866-39FC-F0A8-2BB4-BE19BB6751B2}"
EndProject
Project("{F7F23A75-FA8A-2C59-FFD1-B098546E9A0A}") = "FPS 0", "Assembly-CSharp-Editor-vs.csproj", "{8A346856-5220-00EC-70CE-69B71FCE3BC9}"
EndProject
Global
	GlobalSection(SolutionConfigurationPlatforms) = preSolution
		Debug|Any CPU = Debug|Any CPU
		Release|Any CPU = Release|Any CPU
	EndGlobalSection
	GlobalSection(ProjectConfigurationPlatforms) = postSolution
		{43AB5866-39FC-F0A8-2BB4-BE19BB6751B2}.Debug|Any CPU.ActiveCfg = Debug|Any CPU
		{43AB5866-39FC-F0A8-2BB4-BE19BB6751B2}.Debug|Any CPU.Build.0 = Debug|Any CPU
		{43AB5866-39FC-F0A8-2BB4-BE19BB6751B2}.Release|Any CPU.ActiveCfg = Release|Any CPU
		{43AB5866-39FC-F0A8-2BB4-BE19BB6751B2}.Release|Any CPU.Build.0 = Release|Any CPU
		{8A346856-5220-00EC-70CE-69B71FCE3BC9}.Debug|Any CPU.ActiveCfg = Debug|Any CPU
		{8A346856-5220-00EC-70CE-69B71FCE3BC9}.Debug|Any CPU.Build.0 = Debug|Any CPU
		{8A346856-5220-00EC-70CE-69B71FCE3BC9}.Release|Any CPU.ActiveCfg = Release|Any CPU
		{8A346856-5220-00EC-70CE-69B71FCE3BC9}.Release|Any CPU.Build.0 = Release|Any CPU
	EndGlobalSection
	GlobalSection(SolutionProperties) = preSolution
		HideSolutionNode = FALSE
	EndGlobalSection
					GlobalSection(MonoDevelopProperties) = preSolution
		StartupItem = Assembly-CSharp.csproj
		Policies = $0
		$0.TextStylePolicy = $1
		$1.inheritsSet = null
		$1.scope = text/x-csharp
		$0.CSharpFormattingPolicy = $2
		$2.inheritsSet = Mono
		$2.inheritsScope = text/x-csharp
		$2.scope = text/x-csharp
		$0.TextStylePolicy = $3
		$3.FileWidth = 120
		$3.TabWidth = 4
		$3.IndentWidth = 4
		$3.EolMarker = Unix
		$3.inheritsSet = Mono
		$3.inheritsScope = text/plain
		$3.scope = text/plain
	EndGlobalSection

EndGlobal
